<?xml version="1.0" encoding="utf-8"?>
<Project ToolsVersion="4.0" xmlns="http://schemas.microsoft.com/developer/msbuild/2003">
  <ItemGroup>
    <Filter Include="Resource Files">
      <UniqueIdentifier>{67DA6AB6-F800-4c08-8B7A-83BB121AAD01}</UniqueIdentifier>
      <Extensions>rc;ico;cur;bmp;dlg;rc2;rct;bin;rgs;gif;jpg;jpeg;jpe;resx;tiff;tif;png;wav;mfcribbon-ms</Extensions>
    </Filter>
    <Filter Include="Model">
      <UniqueIdentifier>{bc8a7c5c-fc26-4643-bc6e-7df7a18ecad8}</UniqueIdentifier>
    </Filter>
    <Filter Include="Model\Material">
      <UniqueIdentifier>{fd8186d2-fab2-477a-a5e0-14c6fb6fdb9c}</UniqueIdentifier>
    </Filter>
    <Filter Include="Model\Shape">
      <UniqueIdentifier>{b139c8b0-3e48-4c82-844f-ad13066fa120}</UniqueIdentifier>
    </Filter>
    <Filter Include="Model\Material\Finishes">
      <UniqueIdentifier>{bafafcd4-4f4c-488d-9299-87e08711b032}</UniqueIdentifier>
    </Filter>
    <Filter Include="Model\Material\Patterns">
      <UniqueIdentifier>{6d948aa5-82f0-4c5f-b9a9-32ab89128b72}</UniqueIdentifier>
    </Filter>
  </ItemGroup>
  <ItemGroup>
    <ClInclude Include="resource.h" />
    <ClInclude Include="Stdafx.h" />
    <ClInclude Include="Settings.h" />
    <ClInclude Include="Context.h" />
    <ClInclude Include="Scene.h" />
    <ClInclude Include="RenderTarget.h" />
    <ClInclude Include="Math.h" />
    <ClInclude Include="Color.h" />
    <ClInclude Include="Sphere.h">
      <Filter>Model\Shape</Filter>
    </ClInclude>
    <ClInclude Include="Texture.h">
      <Filter>Model\Material</Filter>
    </ClInclude>
    <ClInclude Include="Interior.h">
      <Filter>Model\Material</Filter>
    </ClInclude>
    <ClInclude Include="Pigment.h">
      <Filter>Model\Material</Filter>
    </ClInclude>
    <ClInclude Include="Normal.h">
      <Filter>Model\Material</Filter>
    </ClInclude>
    <ClInclude Include="Finish.h">
      <Filter>Model\Material</Filter>
    </ClInclude>
    <ClInclude Include="Camera.h">
      <Filter>Model</Filter>
    </ClInclude>
    <ClInclude Include="CSGObject.h">
      <Filter>Model</Filter>
    </ClInclude>
    <ClInclude Include="LightSource.h">
      <Filter>Model</Filter>
    </ClInclude>
    <ClInclude Include="SceneObject.h">
      <Filter>Model</Filter>
    </ClInclude>
    <ClInclude Include="Box.h">
      <Filter>Model\Shape</Filter>
    </ClInclude>
    <ClInclude Include="Cone.h">
      <Filter>Model\Shape</Filter>
    </ClInclude>
    <ClInclude Include="Disc.h">
      <Filter>Model\Shape</Filter>
    </ClInclude>
    <ClInclude Include="Lemon.h">
      <Filter>Model\Shape</Filter>
    </ClInclude>
    <ClInclude Include="Ovus.h">
      <Filter>Model\Shape</Filter>
    </ClInclude>
    <ClInclude Include="Plane.h">
      <Filter>Model\Shape</Filter>
    </ClInclude>
    <ClInclude Include="Quadric.h">
      <Filter>Model\Shape</Filter>
    </ClInclude>
    <ClInclude Include="SuperEllipsoid.h">
      <Filter>Model\Shape</Filter>
    </ClInclude>
    <ClInclude Include="Torus.h">
      <Filter>Model\Shape</Filter>
    </ClInclude>
    <ClInclude Include="Triangle.h">
      <Filter>Model\Shape</Filter>
    </ClInclude>
    <ClInclude Include="Union.h">
      <Filter>Model\Shape</Filter>
    </ClInclude>
    <ClInclude Include="Transformation.h" />
    <ClInclude Include="Ambient.h">
      <Filter>Model\Material\Finishes</Filter>
    </ClInclude>
    <ClInclude Include="Diffuse.h">
      <Filter>Model\Material\Finishes</Filter>
    </ClInclude>
    <ClInclude Include="Emission.h">
      <Filter>Model\Material\Finishes</Filter>
    </ClInclude>
    <ClInclude Include="Brilliance.h">
      <Filter>Model\Material\Finishes</Filter>
    </ClInclude>
    <ClInclude Include="Phong.h">
      <Filter>Model\Material\Finishes</Filter>
    </ClInclude>
    <ClInclude Include="Specular.h">
      <Filter>Model\Material\Finishes</Filter>
    </ClInclude>
    <ClInclude Include="Roughness.h">
      <Filter>Model\Material\Finishes</Filter>
    </ClInclude>
    <ClInclude Include="Metallic.h">
      <Filter>Model\Material\Finishes</Filter>
    </ClInclude>
    <ClInclude Include="Reflection.h">
      <Filter>Model\Material\Finishes</Filter>
    </ClInclude>
    <ClInclude Include="Crand.h">
      <Filter>Model\Material\Finishes</Filter>
    </ClInclude>
    <ClInclude Include="ConserveEnergy.h">
      <Filter>Model\Material\Finishes</Filter>
    </ClInclude>
    <ClInclude Include="SubSurface.h">
      <Filter>Model\Material\Finishes</Filter>
    </ClInclude>
    <ClInclude Include="Irid.h">
      <Filter>Model\Material\Finishes</Filter>
    </ClInclude>
    <ClInclude Include="FinishBuilder.h">
      <Filter>Model\Material</Filter>
    </ClInclude>
    <ClInclude Include="Agate.h">
      <Filter>Model\Material\Patterns</Filter>
    </ClInclude>
    <ClInclude Include="Pattern.h">
      <Filter>Model\Material</Filter>
    </ClInclude>
    <ClInclude Include="ColorMap.h">
      <Filter>Model\Material\Patterns</Filter>
    </ClInclude>
    <ClInclude Include="Boxed.h">
      <Filter>Model\Material\Patterns</Filter>
    </ClInclude>
    <ClInclude Include="Bozo.h">
      <Filter>Model\Material\Patterns</Filter>
    </ClInclude>
    <ClInclude Include="Brick.h">
      <Filter>Model\Material\Patterns</Filter>
    </ClInclude>
    <ClInclude Include="PlainPattern.h">
      <Filter>Model\Material\Patterns</Filter>
    </ClInclude>
    <ClInclude Include="IMapType.h" />
    <ClInclude Include="BlendMapBase.h">
      <Filter>Model\Material\Patterns</Filter>
    </ClInclude>
    <ClInclude Include="Bumps.h">
      <Filter>Model\Material\Patterns</Filter>
    </ClInclude>
    <ClInclude Include="Cells.h">
      <Filter>Model\Material\Patterns</Filter>
    </ClInclude>
    <ClInclude Include="Checker.h">
      <Filter>Model\Material\Patterns</Filter>
    </ClInclude>
    <ClInclude Include="Crackle.h">
      <Filter>Model\Material\Patterns</Filter>
    </ClInclude>
    <ClInclude Include="Cubic.h">
      <Filter>Model\Material\Patterns</Filter>
    </ClInclude>
  </ItemGroup>
  <ItemGroup>
    <ClCompile Include="AssemblyInfo.cpp" />
    <ClCompile Include="msgSupport.cpp" />
    <ClCompile Include="pvmem.cpp" />
    <ClCompile Include="Stdafx.cpp" />
    <ClCompile Include="Scene.cpp" />
    <ClCompile Include="povclr.cpp" />
    <ClCompile Include="Camera.cpp">
      <Filter>Model</Filter>
    </ClCompile>
    <ClCompile Include="CSGObject.cpp">
      <Filter>Model</Filter>
    </ClCompile>
    <ClCompile Include="LightSource.cpp">
      <Filter>Model</Filter>
    </ClCompile>
    <ClCompile Include="SceneObject.cpp">
      <Filter>Model</Filter>
    </ClCompile>
    <ClCompile Include="Lemon.cpp">
      <Filter>Model\Shape</Filter>
    </ClCompile>
    <ClCompile Include="FinishBuilder.cpp">
      <Filter>Model\Material</Filter>
    </ClCompile>
    <ClCompile Include="ColorMap.cpp">
      <Filter>Model\Material\Patterns</Filter>
    </ClCompile>
    <ClCompile Include="BlendMapBase.cpp">
      <Filter>Model\Material\Patterns</Filter>
    </ClCompile>
  </ItemGroup>
  <ItemGroup>
    <Text Include="ReadMe.txt" />
  </ItemGroup>
  <ItemGroup>
    <ResourceCompile Include="app.rc">
      <Filter>Resource Files</Filter>
    </ResourceCompile>
  </ItemGroup>
  <ItemGroup>
    <Image Include="app.ico">
      <Filter>Resource Files</Filter>
    </Image>
  </ItemGroup>
</Project>